
Microsoft Visual Studio Solution File, Format Version 12.00
# Visual Studio Version 17
VisualStudioVersion = 17.13.35931.197
MinimumVisualStudioVersion = 10.0.40219.1
Project("{2150E333-8FDC-42A3-9474-1A3956D46DE8}") = "Boostrapper", "Boostrapper", "{02EA681E-C7D8-13C7-8484-4AC65E1B71E8}"
EndProject
Project("{2150E333-8FDC-42A3-9474-1A3956D46DE8}") = "Modules", "Modules", "{665562CD-E8DA-42FD-89BE-24FEF2D703A7}"
EndProject
Project("{2150E333-8FDC-42A3-9474-1A3956D46DE8}") = "Shared", "Shared", "{C6F03447-A2CA-4158-9F0D-8B20392DAD01}"
EndProject
Project("{FAE04EC0-301F-11D3-BF4B-00C04F79EFBC}") = "Api", "Bootstrapper\Api\Api.csproj", "{E2DB2026-21FE-4015-90A9-98A1EC87DD7A}"
EndProject
Project("{2150E333-8FDC-42A3-9474-1A3956D46DE8}") = "Catalog", "Catalog", "{D1018E30-D6F8-48E4-A080-108EC8DC6117}"
EndProject
Project("{2150E333-8FDC-42A3-9474-1A3956D46DE8}") = "Ordering", "Ordering", "{0400324A-5097-4DEB-B08F-7C2D0AB6276F}"
EndProject
Project("{2150E333-8FDC-42A3-9474-1A3956D46DE8}") = "Basket", "Basket", "{C05D5814-A6DB-4AF1-8961-6E47FFDD5B57}"
EndProject
Project("{FAE04EC0-301F-11D3-BF4B-00C04F79EFBC}") = "Catalog", "Modules\Catalog\Catalog\Catalog.csproj", "{D3743CC8-5B19-426B-9729-E0A6C414E904}"
EndProject
Project("{FAE04EC0-301F-11D3-BF4B-00C04F79EFBC}") = "Basket", "Modules\Basket\Basket\Basket.csproj", "{4E57349F-4326-4395-AAFB-6F430CDF8A72}"
EndProject
Project("{FAE04EC0-301F-11D3-BF4B-00C04F79EFBC}") = "Ordering", "Modules\Basket\Ordering\Ordering.csproj", "{1A3CB4AE-A630-441C-9D0A-E5354F01BD63}"
EndProject
Project("{FAE04EC0-301F-11D3-BF4B-00C04F79EFBC}") = "Shared", "Shared\Shared\Shared.csproj", "{98DBC75E-16D4-4FCF-9F9A-AA154A5D070F}"
EndProject
Project("{E53339B2-1760-4266-BCC7-CA923CBCF16C}") = "docker-compose", "docker-compose.dcproj", "{81DDED9D-158B-E303-5F62-77A2896D2A5A}"
EndProject
Global
	GlobalSection(SolutionConfigurationPlatforms) = preSolution
		Debug|Any CPU = Debug|Any CPU
		Release|Any CPU = Release|Any CPU
	EndGlobalSection
	GlobalSection(ProjectConfigurationPlatforms) = postSolution
		{E2DB2026-21FE-4015-90A9-98A1EC87DD7A}.Debug|Any CPU.ActiveCfg = Debug|Any CPU
		{E2DB2026-21FE-4015-90A9-98A1EC87DD7A}.Debug|Any CPU.Build.0 = Debug|Any CPU
		{E2DB2026-21FE-4015-90A9-98A1EC87DD7A}.Release|Any CPU.ActiveCfg = Release|Any CPU
		{E2DB2026-21FE-4015-90A9-98A1EC87DD7A}.Release|Any CPU.Build.0 = Release|Any CPU
		{D3743CC8-5B19-426B-9729-E0A6C414E904}.Debug|Any CPU.ActiveCfg = Debug|Any CPU
		{D3743CC8-5B19-426B-9729-E0A6C414E904}.Debug|Any CPU.Build.0 = Debug|Any CPU
		{D3743CC8-5B19-426B-9729-E0A6C414E904}.Release|Any CPU.ActiveCfg = Release|Any CPU
		{D3743CC8-5B19-426B-9729-E0A6C414E904}.Release|Any CPU.Build.0 = Release|Any CPU
		{4E57349F-4326-4395-AAFB-6F430CDF8A72}.Debug|Any CPU.ActiveCfg = Debug|Any CPU
		{4E57349F-4326-4395-AAFB-6F430CDF8A72}.Debug|Any CPU.Build.0 = Debug|Any CPU
		{4E57349F-4326-4395-AAFB-6F430CDF8A72}.Release|Any CPU.ActiveCfg = Release|Any CPU
		{4E57349F-4326-4395-AAFB-6F430CDF8A72}.Release|Any CPU.Build.0 = Release|Any CPU
		{1A3CB4AE-A630-441C-9D0A-E5354F01BD63}.Debug|Any CPU.ActiveCfg = Debug|Any CPU
		{1A3CB4AE-A630-441C-9D0A-E5354F01BD63}.Debug|Any CPU.Build.0 = Debug|Any CPU
		{1A3CB4AE-A630-441C-9D0A-E5354F01BD63}.Release|Any CPU.ActiveCfg = Release|Any CPU
		{1A3CB4AE-A630-441C-9D0A-E5354F01BD63}.Release|Any CPU.Build.0 = Release|Any CPU
		{98DBC75E-16D4-4FCF-9F9A-AA154A5D070F}.Debug|Any CPU.ActiveCfg = Debug|Any CPU
		{98DBC75E-16D4-4FCF-9F9A-AA154A5D070F}.Debug|Any CPU.Build.0 = Debug|Any CPU
		{98DBC75E-16D4-4FCF-9F9A-AA154A5D070F}.Release|Any CPU.ActiveCfg = Release|Any CPU
		{98DBC75E-16D4-4FCF-9F9A-AA154A5D070F}.Release|Any CPU.Build.0 = Release|Any CPU
		{81DDED9D-158B-E303-5F62-77A2896D2A5A}.Debug|Any CPU.ActiveCfg = Debug|Any CPU
		{81DDED9D-158B-E303-5F62-77A2896D2A5A}.Debug|Any CPU.Build.0 = Debug|Any CPU
		{81DDED9D-158B-E303-5F62-77A2896D2A5A}.Release|Any CPU.ActiveCfg = Release|Any CPU
		{81DDED9D-158B-E303-5F62-77A2896D2A5A}.Release|Any CPU.Build.0 = Release|Any CPU
	EndGlobalSection
	GlobalSection(SolutionProperties) = preSolution
		HideSolutionNode = FALSE
	EndGlobalSection
	GlobalSection(NestedProjects) = preSolution
		{E2DB2026-21FE-4015-90A9-98A1EC87DD7A} = {02EA681E-C7D8-13C7-8484-4AC65E1B71E8}
		{D1018E30-D6F8-48E4-A080-108EC8DC6117} = {665562CD-E8DA-42FD-89BE-24FEF2D703A7}
		{0400324A-5097-4DEB-B08F-7C2D0AB6276F} = {665562CD-E8DA-42FD-89BE-24FEF2D703A7}
		{C05D5814-A6DB-4AF1-8961-6E47FFDD5B57} = {665562CD-E8DA-42FD-89BE-24FEF2D703A7}
		{D3743CC8-5B19-426B-9729-E0A6C414E904} = {D1018E30-D6F8-48E4-A080-108EC8DC6117}
		{4E57349F-4326-4395-AAFB-6F430CDF8A72} = {C05D5814-A6DB-4AF1-8961-6E47FFDD5B57}
		{1A3CB4AE-A630-441C-9D0A-E5354F01BD63} = {0400324A-5097-4DEB-B08F-7C2D0AB6276F}
		{98DBC75E-16D4-4FCF-9F9A-AA154A5D070F} = {C6F03447-A2CA-4158-9F0D-8B20392DAD01}
	EndGlobalSection
	GlobalSection(ExtensibilityGlobals) = postSolution
		SolutionGuid = {2AD18506-F340-4257-8AC1-CDA385996111}
	EndGlobalSection
EndGlobal
